
Microsoft Visual Studio Solution File, Format Version 12.00
# Visual Studio Version 16
VisualStudioVersion = 16.0.32002.261
MinimumVisualStudioVersion = 10.0.40219.1
Project("{FAE04EC0-301F-11D3-BF4B-00C04F79EFBC}") = "SpectatorCamControl", "SpectatorCamControl.csproj", "{52928AC8-F36C-4B24-B225-A7F1EA1D4E4E}"
EndProject
Global
	GlobalSection(SolutionConfigurationPlatforms) = preSolution
		Debug|Any CPU = Debug|Any CPU
		Release|Any CPU = Release|Any CPU
	EndGlobalSection
	GlobalSection(ProjectConfigurationPlatforms) = postSolution
		{52928AC8-F36C-4B24-B225-A7F1EA1D4E4E}.Debug|Any CPU.ActiveCfg = Debug|Any CPU
		{52928AC8-F36C-4B24-B225-A7F1EA1D4E4E}.Debug|Any CPU.Build.0 = Debug|Any CPU
		{52928AC8-F36C-4B24-B225-A7F1EA1D4E4E}.Release|Any CPU.ActiveCfg = Release|Any CPU
		{52928AC8-F36C-4B24-B225-A7F1EA1D4E4E}.Release|Any CPU.Build.0 = Release|Any CPU
	EndGlobalSection
	GlobalSection(SolutionProperties) = preSolution
		HideSolutionNode = FALSE
	EndGlobalSection
	GlobalSection(ExtensibilityGlobals) = postSolution
		SolutionGuid = {FBF554A8-0F1C-45FA-B907-FE2143EB7D31}
	EndGlobalSection
EndGlobal
